// !$*UTF8*$!
{
	archiveVersion = 1;
	classes = {
	};
	objectVersion = 50;
	objects = {

/* Begin PBXBuildFile section */
		3456670A234A476C0048BF26 /* AppDelegate.swift in Sources */ = {isa = PBXBuildFile; fileRef = 34566709234A476C0048BF26 /* AppDelegate.swift */; };
		3456670C234A476C0048BF26 /* SceneDelegate.swift in Sources */ = {isa = PBXBuildFile; fileRef = 3456670B234A476C0048BF26 /* SceneDelegate.swift */; };
		34566711234A476C0048BF26 /* Main.storyboard in Resources */ = {isa = PBXBuildFile; fileRef = 3456670F234A476C0048BF26 /* Main.storyboard */; };
		34566713234A476D0048BF26 /* Assets.xcassets in Resources */ = {isa = PBXBuildFile; fileRef = 34566712234A476D0048BF26 /* Assets.xcassets */; };
		34566716234A476D0048BF26 /* LaunchScreen.storyboard in Resources */ = {isa = PBXBuildFile; fileRef = 34566714234A476D0048BF26 /* LaunchScreen.storyboard */; };
		34566727234A4A190048BF26 /* MovieController.swift in Sources */ = {isa = PBXBuildFile; fileRef = 34566726234A4A190048BF26 /* MovieController.swift */; };
		34566729234A4A2A0048BF26 /* MovieContraint.swift in Sources */ = {isa = PBXBuildFile; fileRef = 34566728234A4A2A0048BF26 /* MovieContraint.swift */; };
		3456672B234A4A550048BF26 /* Movies.swift in Sources */ = {isa = PBXBuildFile; fileRef = 3456672A234A4A550048BF26 /* Movies.swift */; };
		3456672F234A4B8F0048BF26 /* MovieTableViewCell.swift in Sources */ = {isa = PBXBuildFile; fileRef = 3456672E234A4B8F0048BF26 /* MovieTableViewCell.swift */; };
/* End PBXBuildFile section */

/* Begin PBXFileReference section */
		34566706234A476C0048BF26 /* MovieDB.app */ = {isa = PBXFileReference; explicitFileType = wrapper.application; includeInIndex = 0; path = MovieDB.app; sourceTree = BUILT_PRODUCTS_DIR; };
		34566709234A476C0048BF26 /* AppDelegate.swift */ = {isa = PBXFileReference; lastKnownFileType = sourcecode.swift; path = AppDelegate.swift; sourceTree = "<group>"; };
		3456670B234A476C0048BF26 /* SceneDelegate.swift */ = {isa = PBXFileReference; lastKnownFileType = sourcecode.swift; path = SceneDelegate.swift; sourceTree = "<group>"; };
		34566710234A476C0048BF26 /* Base */ = {isa = PBXFileReference; lastKnownFileType = file.storyboard; name = Base; path = Base.lproj/Main.storyboard; sourceTree = "<group>"; };
		34566712234A476D0048BF26 /* Assets.xcassets */ = {isa = PBXFileReference; lastKnownFileType = folder.assetcatalog; path = Assets.xcassets; sourceTree = "<group>"; };
		34566715234A476D0048BF26 /* Base */ = {isa = PBXFileReference; lastKnownFileType = file.storyboard; name = Base; path = Base.lproj/LaunchScreen.storyboard; sourceTree = "<group>"; };
		34566720234A487B0048BF26 /* Info.plist */ = {isa = PBXFileReference; lastKnownFileType = text.plist.xml; path = Info.plist; sourceTree = "<group>"; };
		34566726234A4A190048BF26 /* MovieController.swift */ = {isa = PBXFileReference; lastKnownFileType = sourcecode.swift; path = MovieController.swift; sourceTree = "<group>"; };
		34566728234A4A2A0048BF26 /* MovieContraint.swift */ = {isa = PBXFileReference; lastKnownFileType = sourcecode.swift; path = MovieContraint.swift; sourceTree = "<group>"; };
		3456672A234A4A550048BF26 /* Movies.swift */ = {isa = PBXFileReference; lastKnownFileType = sourcecode.swift; path = Movies.swift; sourceTree = "<group>"; };
		3456672E234A4B8F0048BF26 /* MovieTableViewCell.swift */ = {isa = PBXFileReference; lastKnownFileType = sourcecode.swift; path = MovieTableViewCell.swift; sourceTree = "<group>"; };
/* End PBXFileReference section */

/* Begin PBXFrameworksBuildPhase section */
		34566703234A476C0048BF26 /* Frameworks */ = {
			isa = PBXFrameworksBuildPhase;
			buildActionMask = 2147483647;
			files = (
			);
			runOnlyForDeploymentPostprocessing = 0;
		};
/* End PBXFrameworksBuildPhase section */

/* Begin PBXGroup section */
		345666FD234A476C0048BF26 = {
			isa = PBXGroup;
			children = (
				34566708234A476C0048BF26 /* MovieDB */,
				34566707234A476C0048BF26 /* Products */,
			);
			sourceTree = "<group>";
		};
		34566707234A476C0048BF26 /* Products */ = {
			isa = PBXGroup;
			children = (
				34566706234A476C0048BF26 /* MovieDB.app */,
			);
			name = Products;
			sourceTree = "<group>";
		};
		34566708234A476C0048BF26 /* MovieDB */ = {
			isa = PBXGroup;
			children = (
				3456670F234A476C0048BF26 /* Main.storyboard */,
				34566725234A49FF0048BF26 /* models */,
				34566724234A49F60048BF26 /* helpers */,
				34566723234A49EC0048BF26 /* controllers */,
				34566722234A49E30048BF26 /* views */,
				3456671D234A47920048BF26 /* resources */,
			);
			path = MovieDB;
			sourceTree = "<group>";
		};
		3456671D234A47920048BF26 /* resources */ = {
			isa = PBXGroup;
			children = (
				34566720234A487B0048BF26 /* Info.plist */,
				34566709234A476C0048BF26 /* AppDelegate.swift */,
				3456670B234A476C0048BF26 /* SceneDelegate.swift */,
				34566712234A476D0048BF26 /* Assets.xcassets */,
				34566714234A476D0048BF26 /* LaunchScreen.storyboard */,
			);
			path = resources;
			sourceTree = "<group>";
		};
		34566722234A49E30048BF26 /* views */ = {
			isa = PBXGroup;
			children = (
				3456672E234A4B8F0048BF26 /* MovieTableViewCell.swift */,
			);
			path = views;
			sourceTree = "<group>";
		};
		34566723234A49EC0048BF26 /* controllers */ = {
			isa = PBXGroup;
			children = (
				3456672C234A4A5C0048BF26 /* model controllers */,
				3456672D234A4A670048BF26 /* view controllers */,
			);
			path = controllers;
			sourceTree = "<group>";
		};
		34566724234A49F60048BF26 /* helpers */ = {
			isa = PBXGroup;
			children = (
				34566728234A4A2A0048BF26 /* MovieContraint.swift */,
			);
			path = helpers;
			sourceTree = "<group>";
		};
		34566725234A49FF0048BF26 /* models */ = {
			isa = PBXGroup;
			children = (
				3456672A234A4A550048BF26 /* Movies.swift */,
			);
			path = models;
			sourceTree = "<group>";
		};
		3456672C234A4A5C0048BF26 /* model controllers */ = {
			isa = PBXGroup;
			children = (
				34566726234A4A190048BF26 /* MovieController.swift */,
			);
			path = "model controllers";
			sourceTree = "<group>";
		};
		3456672D234A4A670048BF26 /* view controllers */ = {
			isa = PBXGroup;
			children = (
			);
			path = "view controllers";
			sourceTree = "<group>";
		};
/* End PBXGroup section */

/* Begin PBXNativeTarget section */
		34566705234A476C0048BF26 /* MovieDB */ = {
			isa = PBXNativeTarget;
			buildConfigurationList = 3456671A234A476D0048BF26 /* Build configuration list for PBXNativeTarget "MovieDB" */;
			buildPhases = (
				34566702234A476C0048BF26 /* Sources */,
				34566703234A476C0048BF26 /* Frameworks */,
				34566704234A476C0048BF26 /* Resources */,
			);
			buildRules = (
			);
			dependencies = (
			);
			name = MovieDB;
			productName = MovieDB;
			productReference = 34566706234A476C0048BF26 /* MovieDB.app */;
			productType = "com.apple.product-type.application";
		};
/* End PBXNativeTarget section */

/* Begin PBXProject section */
		345666FE234A476C0048BF26 /* Project object */ = {
			isa = PBXProject;
			attributes = {
				LastSwiftUpdateCheck = 1100;
				LastUpgradeCheck = 1100;
				ORGANIZATIONNAME = "Matthew O'Connor";
				TargetAttributes = {
					34566705234A476C0048BF26 = {
						CreatedOnToolsVersion = 11.0;
					};
				};
			};
			buildConfigurationList = 34566701234A476C0048BF26 /* Build configuration list for PBXProject "MovieDB" */;
			compatibilityVersion = "Xcode 9.3";
			developmentRegion = en;
			hasScannedForEncodings = 0;
			knownRegions = (
				en,
				Base,
			);
			mainGroup = 345666FD234A476C0048BF26;
			productRefGroup = 34566707234A476C0048BF26 /* Products */;
			projectDirPath = "";
			projectRoot = "";
			targets = (
				34566705234A476C0048BF26 /* MovieDB */,
			);
		};
/* End PBXProject section */

/* Begin PBXResourcesBuildPhase section */
		34566704234A476C0048BF26 /* Resources */ = {
			isa = PBXResourcesBuildPhase;
			buildActionMask = 2147483647;
			files = (
				34566716234A476D0048BF26 /* LaunchScreen.storyboard in Resources */,
				34566713234A476D0048BF26 /* Assets.xcassets in Resources */,
				34566711234A476C0048BF26 /* Main.storyboard in Resources */,
			);
			runOnlyForDeploymentPostprocessing = 0;
		};
/* End PBXResourcesBuildPhase section */

/* Begin PBXSourcesBuildPhase section */
		34566702234A476C0048BF26 /* Sources */ = {
			isa = PBXSourcesBuildPhase;
			buildActionMask = 2147483647;
			files = (
				3456672B234A4A550048BF26 /* Movies.swift in Sources */,
				34566727234A4A190048BF26 /* MovieController.swift in Sources */,
				3456672F234A4B8F0048BF26 /* MovieTableViewCell.swift in Sources */,
				34566729234A4A2A0048BF26 /* MovieContraint.swift in Sources */,
				3456670A234A476C0048BF26 /* AppDelegate.swift in Sources */,
				3456670C234A476C0048BF26 /* SceneDelegate.swift in Sources */,
			);
			runOnlyForDeploymentPostprocessing = 0;
		};
/* End PBXSourcesBuildPhase section */

/* Begin PBXVariantGroup section */
		3456670F234A476C0048BF26 /* Main.storyboard */ = {
			isa = PBXVariantGroup;
			children = (
				34566710234A476C0048BF26 /* Base */,
			);
			name = Main.storyboard;
			sourceTree = "<group>";
		};
		34566714234A476D0048BF26 /* LaunchScreen.storyboard */ = {
			isa = PBXVariantGroup;
			children = (
				34566715234A476D0048BF26 /* Base */,
			);
			name = LaunchScreen.storyboard;
			sourceTree = "<group>";
		};
/* End PBXVariantGroup section */

/* Begin XCBuildConfiguration section */
		34566718234A476D0048BF26 /* Debug */ = {
			isa = XCBuildConfiguration;
			buildSettings = {
				ALWAYS_SEARCH_USER_PATHS = NO;
				CLANG_ANALYZER_NONNULL = YES;
				CLANG_ANALYZER_NUMBER_OBJECT_CONVERSION = YES_AGGRESSIVE;
				CLANG_CXX_LANGUAGE_STANDARD = "gnu++14";
				CLANG_CXX_LIBRARY = "libc++";
				CLANG_ENABLE_MODULES = YES;
				CLANG_ENABLE_OBJC_ARC = YES;
				CLANG_ENABLE_OBJC_WEAK = YES;
				CLANG_WARN_BLOCK_CAPTURE_AUTORELEASING = YES;
				CLANG_WARN_BOOL_CONVERSION = YES;
				CLANG_WARN_COMMA = YES;
				CLANG_WARN_CONSTANT_CONVERSION = YES;
				CLANG_WARN_DEPRECATED_OBJC_IMPLEMENTATIONS = YES;
				CLANG_WARN_DIRECT_OBJC_ISA_USAGE = YES_ERROR;
				CLANG_WARN_DOCUMENTATION_COMMENTS = YES;
				CLANG_WARN_EMPTY_BODY = YES;
				CLANG_WARN_ENUM_CONVERSION = YES;
				CLANG_WARN_INFINITE_RECURSION = YES;
				CLANG_WARN_INT_CONVERSION = YES;
				CLANG_WARN_NON_LITERAL_NULL_CONVERSION = YES;
				CLANG_WARN_OBJC_IMPLICIT_RETAIN_SELF = YES;
				CLANG_WARN_OBJC_LITERAL_CONVERSION = YES;
				CLANG_WARN_OBJC_ROOT_CLASS = YES_ERROR;
				CLANG_WARN_RANGE_LOOP_ANALYSIS = YES;
				CLANG_WARN_STRICT_PROTOTYPES = YES;
				CLANG_WARN_SUSPICIOUS_MOVE = YES;
				CLANG_WARN_UNGUARDED_AVAILABILITY = YES_AGGRESSIVE;
				CLANG_WARN_UNREACHABLE_CODE = YES;
				CLANG_WARN__DUPLICATE_METHOD_MATCH = YES;
				COPY_PHASE_STRIP = NO;
				DEBUG_INFORMATION_FORMAT = dwarf;
				ENABLE_STRICT_OBJC_MSGSEND = YES;
				ENABLE_TESTABILITY = YES;
				GCC_C_LANGUAGE_STANDARD = gnu11;
				GCC_DYNAMIC_NO_PIC = NO;
				GCC_NO_COMMON_BLOCKS = YES;
				GCC_OPTIMIZATION_LEVEL = 0;
				GCC_PREPROCESSOR_DEFINITIONS = (
					"DEBUG=1",
					"$(inherited)",
				);
				GCC_WARN_64_TO_32_BIT_CONVERSION = YES;
				GCC_WARN_ABOUT_RETURN_TYPE = YES_ERROR;
				GCC_WARN_UNDECLARED_SELECTOR = YES;
				GCC_WARN_UNINITIALIZED_AUTOS = YES_AGGRESSIVE;
				GCC_WARN_UNUSED_FUNCTION = YES;
				GCC_WARN_UNUSED_VARIABLE = YES;
				IPHONEOS_DEPLOYMENT_TARGET = 13.0;
				MTL_ENABLE_DEBUG_INFO = INCLUDE_SOURCE;
				MTL_FAST_MATH = YES;
				ONLY_ACTIVE_ARCH = YES;
				SDKROOT = iphoneos;
				SWIFT_ACTIVE_COMPILATION_CONDITIONS = DEBUG;
				SWIFT_OPTIMIZATION_LEVEL = "-Onone";
			};
			name = Debug;
		};
		34566719234A476D0048BF26 /* Release */ = {
			isa = XCBuildConfiguration;
			buildSettings = {
				ALWAYS_SEARCH_USER_PATHS = NO;
				CLANG_ANALYZER_NONNULL = YES;
				CLANG_ANALYZER_NUMBER_OBJECT_CONVERSION = YES_AGGRESSIVE;
				CLANG_CXX_LANGUAGE_STANDARD = "gnu++14";
				CLANG_CXX_LIBRARY = "libc++";
				CLANG_ENABLE_MODULES = YES;
				CLANG_ENABLE_OBJC_ARC = YES;
				CLANG_ENABLE_OBJC_WEAK = YES;
				CLANG_WARN_BLOCK_CAPTURE_AUTORELEASING = YES;
				CLANG_WARN_BOOL_CONVERSION = YES;
				CLANG_WARN_COMMA = YES;
				CLANG_WARN_CONSTANT_CONVERSION = YES;
				CLANG_WARN_DEPRECATED_OBJC_IMPLEMENTATIONS = YES;
				CLANG_WARN_DIRECT_OBJC_ISA_USAGE = YES_ERROR;
				CLANG_WARN_DOCUMENTATION_COMMENTS = YES;
				CLANG_WARN_EMPTY_BODY = YES;
				CLANG_WARN_ENUM_CONVERSION = YES;
				CLANG_WARN_INFINITE_RECURSION = YES;
				CLANG_WARN_INT_CONVERSION = YES;
				CLANG_WARN_NON_LITERAL_NULL_CONVERSION = YES;
				CLANG_WARN_OBJC_IMPLICIT_RETAIN_SELF = YES;
				CLANG_WARN_OBJC_LITERAL_CONVERSION = YES;
				CLANG_WARN_OBJC_ROOT_CLASS = YES_ERROR;
				CLANG_WARN_RANGE_LOOP_ANALYSIS = YES;
				CLANG_WARN_STRICT_PROTOTYPES = YES;
				CLANG_WARN_SUSPICIOUS_MOVE = YES;
				CLANG_WARN_UNGUARDED_AVAILABILITY = YES_AGGRESSIVE;
				CLANG_WARN_UNREACHABLE_CODE = YES;
				CLANG_WARN__DUPLICATE_METHOD_MATCH = YES;
				COPY_PHASE_STRIP = NO;
				DEBUG_INFORMATION_FORMAT = "dwarf-with-dsym";
				ENABLE_NS_ASSERTIONS = NO;
				ENABLE_STRICT_OBJC_MSGSEND = YES;
				GCC_C_LANGUAGE_STANDARD = gnu11;
				GCC_NO_COMMON_BLOCKS = YES;
				GCC_WARN_64_TO_32_BIT_CONVERSION = YES;
				GCC_WARN_ABOUT_RETURN_TYPE = YES_ERROR;
				GCC_WARN_UNDECLARED_SELECTOR = YES;
				GCC_WARN_UNINITIALIZED_AUTOS = YES_AGGRESSIVE;
				GCC_WARN_UNUSED_FUNCTION = YES;
				GCC_WARN_UNUSED_VARIABLE = YES;
				IPHONEOS_DEPLOYMENT_TARGET = 13.0;
				MTL_ENABLE_DEBUG_INFO = NO;
				MTL_FAST_MATH = YES;
				SDKROOT = iphoneos;
				SWIFT_COMPILATION_MODE = wholemodule;
				SWIFT_OPTIMIZATION_LEVEL = "-O";
				VALIDATE_PRODUCT = YES;
			};
			name = Release;
		};
		3456671B234A476D0048BF26 /* Debug */ = {
			isa = XCBuildConfiguration;
			buildSettings = {
				ASSETCATALOG_COMPILER_APPICON_NAME = AppIcon;
				CODE_SIGN_STYLE = Automatic;
				DEVELOPMENT_TEAM = RRGZ3XLFVN;
				INFOPLIST_FILE = MovieDB/resources/Info.plist;
				LD_RUNPATH_SEARCH_PATHS = (
					"$(inherited)",
					"@executable_path/Frameworks",
				);
				PRODUCT_BUNDLE_IDENTIFIER = deltas2k.MovieDB;
				PRODUCT_NAME = "$(TARGET_NAME)";
				SWIFT_VERSION = 5.0;
				TARGETED_DEVICE_FAMILY = "1,2";
			};
			name = Debug;
		};
		3456671C234A476D0048BF26 /* Release */ = {
			isa = XCBuildConfiguration;
			buildSettings = {
				ASSETCATALOG_COMPILER_APPICON_NAME = AppIcon;
				CODE_SIGN_STYLE = Automatic;
				DEVELOPMENT_TEAM = RRGZ3XLFVN;
				INFOPLIST_FILE = MovieDB/resources/Info.plist;
				LD_RUNPATH_SEARCH_PATHS = (
					"$(inherited)",
					"@executable_path/Frameworks",
				);
				PRODUCT_BUNDLE_IDENTIFIER = deltas2k.MovieDB;
				PRODUCT_NAME = "$(TARGET_NAME)";
				SWIFT_VERSION = 5.0;
				TARGETED_DEVICE_FAMILY = "1,2";
			};
			name = Release;
		};
/* End XCBuildConfiguration section */

/* Begin XCConfigurationList section */
		34566701234A476C0048BF26 /* Build configuration list for PBXProject "MovieDB" */ = {
			isa = XCConfigurationList;
			buildConfigurations = (
				34566718234A476D0048BF26 /* Debug */,
				34566719234A476D0048BF26 /* Release */,
			);
			defaultConfigurationIsVisible = 0;
			defaultConfigurationName = Release;
		};
		3456671A234A476D0048BF26 /* Build configuration list for PBXNativeTarget "MovieDB" */ = {
			isa = XCConfigurationList;
			buildConfigurations = (
				3456671B234A476D0048BF26 /* Debug */,
				3456671C234A476D0048BF26 /* Release */,
			);
			defaultConfigurationIsVisible = 0;
			defaultConfigurationName = Release;
		};
/* End XCConfigurationList section */
	};
	rootObject = 345666FE234A476C0048BF26 /* Project object */;
}
